
Microsoft Visual Studio Solution File, Format Version 12.00
# Visual Studio Version 17
VisualStudioVersion = 17.5.002.0
MinimumVisualStudioVersion = 10.0.40219.1
Project("{9A19103F-16F7-4668-BE54-9A1E7A4F7556}") = "SmsService", "SmsService.csproj", "{0C257ED6-9E0A-45B2-B8EF-B2C548E52243}"
EndProject
Global
	GlobalSection(SolutionConfigurationPlatforms) = preSolution
		Debug|Any CPU = Debug|Any CPU
		Release|Any CPU = Release|Any CPU
	EndGlobalSection
	GlobalSection(ProjectConfigurationPlatforms) = postSolution
		{0C257ED6-9E0A-45B2-B8EF-B2C548E52243}.Debug|Any CPU.ActiveCfg = Debug|Any CPU
		{0C257ED6-9E0A-45B2-B8EF-B2C548E52243}.Debug|Any CPU.Build.0 = Debug|Any CPU
		{0C257ED6-9E0A-45B2-B8EF-B2C548E52243}.Release|Any CPU.ActiveCfg = Release|Any CPU
		{0C257ED6-9E0A-45B2-B8EF-B2C548E52243}.Release|Any CPU.Build.0 = Release|Any CPU
	EndGlobalSection
	GlobalSection(SolutionProperties) = preSolution
		HideSolutionNode = FALSE
	EndGlobalSection
	GlobalSection(ExtensibilityGlobals) = postSolution
		SolutionGuid = {D0638DE7-1312-444E-BC76-68F1AE6BFDDF}
	EndGlobalSection
EndGlobal
